<?xml version="1.0" encoding="utf-8"?>
<Project ToolsVersion="4.0" xmlns="http://schemas.microsoft.com/developer/msbuild/2003">
  <ItemGroup>
    <Filter Include="Systems">
      <UniqueIdentifier>{fbd9f38a-0b4f-4c67-b711-c1d4269939b9}</UniqueIdentifier>
    </Filter>
    <Filter Include="Entities">
      <UniqueIdentifier>{f6224d64-b076-4702-adce-a53c7cfaee46}</UniqueIdentifier>
    </Filter>
    <Filter Include="Components">
      <UniqueIdentifier>{fb05989a-0f9a-4ae0-9601-74b162b6e03e}</UniqueIdentifier>
    </Filter>
    <Filter Include="Components\Utility">
      <UniqueIdentifier>{ab955b8f-43ae-4777-9c3d-eb63357d13fb}</UniqueIdentifier>
    </Filter>
    <Filter Include="Systems\Utility">
      <UniqueIdentifier>{c6691909-73da-4c4c-a06b-1dfad985c7da}</UniqueIdentifier>
    </Filter>
    <Filter Include="Utility">
      <UniqueIdentifier>{47a1f688-7ded-44ae-9a56-2be3958436a5}</UniqueIdentifier>
    </Filter>
    <Filter Include="Shaders">
      <UniqueIdentifier>{3dece70a-8c87-464e-bfd6-d33b269ed086}</UniqueIdentifier>
    </Filter>
    <Filter Include="Shaders\Post-processing">
      <UniqueIdentifier>{eb2cdcf1-6e0d-48db-b74e-1b7c15733e86}</UniqueIdentifier>
    </Filter>
    <Filter Include="Shaders\Cubemap">
      <UniqueIdentifier>{4ae3515f-37e8-42ca-8cd8-aaa845ad8a2b}</UniqueIdentifier>
    </Filter>
    <Filter Include="Shaders\Cubemap\Cubemap reflections">
      <UniqueIdentifier>{9f1053d0-2ed0-4480-bbae-d862d0893b92}</UniqueIdentifier>
    </Filter>
    <Filter Include="Shaders\Lighting">
      <UniqueIdentifier>{6b31d2a9-90a3-4f1e-bf19-a592947701e0}</UniqueIdentifier>
    </Filter>
    <Filter Include="Shaders\Debug">
      <UniqueIdentifier>{0de86dda-8576-442e-87ab-cf1c0f2fb5e6}</UniqueIdentifier>
    </Filter>
    <Filter Include="Shaders\Shadow map">
      <UniqueIdentifier>{1753e955-31e0-4518-9358-52b8bc34ccb6}</UniqueIdentifier>
    </Filter>
    <Filter Include="Shaders\Shadow map\Omnidirectional">
      <UniqueIdentifier>{f7187c2a-56fb-4a7a-8d5d-b76ee7022c1d}</UniqueIdentifier>
    </Filter>
    <Filter Include="Objects">
      <UniqueIdentifier>{486627ac-8380-47f3-a93a-adbd698d1880}</UniqueIdentifier>
    </Filter>
    <Filter Include="Managers">
      <UniqueIdentifier>{490f128c-20eb-4bf6-9065-c267e191c030}</UniqueIdentifier>
    </Filter>
    <Filter Include="Geometry">
      <UniqueIdentifier>{a0188c21-8841-4ec0-90f9-dc7c9d83a721}</UniqueIdentifier>
    </Filter>
    <Filter Include="Geometry\Primitives">
      <UniqueIdentifier>{9580fe01-1cc2-4492-9723-81c2bdc5dca6}</UniqueIdentifier>
    </Filter>
  </ItemGroup>
  <ItemGroup>
    <ClCompile Include="Entity.cpp">
      <Filter>Entities</Filter>
    </ClCompile>
    <ClCompile Include="IComponent.cpp">
      <Filter>Components\Utility</Filter>
    </ClCompile>
    <ClCompile Include="ComponentPosition.cpp">
      <Filter>Components</Filter>
    </ClCompile>
    <ClCompile Include="ComponentScale.cpp">
      <Filter>Components</Filter>
    </ClCompile>
    <ClCompile Include="ComponentRotation.cpp">
      <Filter>Components</Filter>
    </ClCompile>
    <ClCompile Include="ComponentVelocity.cpp">
      <Filter>Components</Filter>
    </ClCompile>
    <ClCompile Include="SystemPhysics.cpp">
      <Filter>Systems</Filter>
    </ClCompile>
    <ClCompile Include="ISystem.cpp">
      <Filter>Systems\Utility</Filter>
    </ClCompile>
    <ClCompile Include="ComponentModel.cpp">
      <Filter>Components</Filter>
    </ClCompile>
    <ClCompile Include="stb_image.cpp">
      <Filter>Utility</Filter>
    </ClCompile>
    <ClCompile Include="Shader.cpp">
      <Filter>Utility</Filter>
    </ClCompile>
    <ClCompile Include="Main.cpp" />
    <ClCompile Include="Geometry.cpp">
      <Filter>Objects</Filter>
    </ClCompile>
    <ClCompile Include="ComponentGeometry.cpp">
      <Filter>Components</Filter>
    </ClCompile>
    <ClCompile Include="SystemManager.cpp">
      <Filter>Managers</Filter>
    </ClCompile>
    <ClCompile Include="EntityManager.cpp">
      <Filter>Managers</Filter>
    </ClCompile>
    <ClCompile Include="ResourceManager.cpp">
      <Filter>Managers</Filter>
    </ClCompile>
    <ClCompile Include="SystemRender.cpp">
      <Filter>Systems</Filter>
    </ClCompile>
    <ClCompile Include="ComponentShader.cpp">
      <Filter>Components</Filter>
    </ClCompile>
    <ClCompile Include="ComponentTexture.cpp">
      <Filter>Components</Filter>
    </ClCompile>
    <ClCompile Include="Texture.cpp">
      <Filter>Objects</Filter>
    </ClCompile>
    <ClCompile Include="IcoSphere.cpp">
      <Filter>Geometry\Primitives</Filter>
    </ClCompile>
    <ClCompile Include="ComponentMaterial.cpp">
      <Filter>Components</Filter>
    </ClCompile>
    <ClCompile Include="Model.cpp">
      <Filter>Utility</Filter>
    </ClCompile>
  </ItemGroup>
  <ItemGroup>
    <ClInclude Include="Entity.h">
      <Filter>Entities</Filter>
    </ClInclude>
    <ClInclude Include="IComponent.h">
      <Filter>Components\Utility</Filter>
    </ClInclude>
    <ClInclude Include="ComponentPosition.h">
      <Filter>Components</Filter>
    </ClInclude>
    <ClInclude Include="ComponentScale.h">
      <Filter>Components</Filter>
    </ClInclude>
    <ClInclude Include="ComponentRotation.h">
      <Filter>Components</Filter>
    </ClInclude>
    <ClInclude Include="ComponentVelocity.h">
      <Filter>Components</Filter>
    </ClInclude>
    <ClInclude Include="SystemPhysics.h">
      <Filter>Systems</Filter>
    </ClInclude>
    <ClInclude Include="ISystem.h">
      <Filter>Systems\Utility</Filter>
    </ClInclude>
    <ClInclude Include="ComponentModel.h">
      <Filter>Components</Filter>
    </ClInclude>
    <ClInclude Include="stb_image.h">
      <Filter>Utility</Filter>
    </ClInclude>
    <ClInclude Include="Shader.h">
      <Filter>Utility</Filter>
    </ClInclude>
    <ClInclude Include="Model.h">
      <Filter>Utility</Filter>
    </ClInclude>
    <ClInclude Include="Mesh.h">
      <Filter>Utility</Filter>
    </ClInclude>
    <ClInclude Include="Geometry.h">
      <Filter>Objects</Filter>
    </ClInclude>
    <ClInclude Include="Camera.h">
      <Filter>Objects</Filter>
    </ClInclude>
    <ClInclude Include="ComponentGeometry.h">
      <Filter>Components</Filter>
    </ClInclude>
    <ClInclude Include="SystemManager.h">
      <Filter>Managers</Filter>
    </ClInclude>
    <ClInclude Include="EntityManager.h">
      <Filter>Managers</Filter>
    </ClInclude>
    <ClInclude Include="ResourceManager.h">
      <Filter>Managers</Filter>
    </ClInclude>
    <ClInclude Include="SystemRender.h">
      <Filter>Systems</Filter>
    </ClInclude>
    <ClInclude Include="ComponentShader.h">
      <Filter>Components</Filter>
    </ClInclude>
    <ClInclude Include="ComponentTexture.h">
      <Filter>Components</Filter>
    </ClInclude>
    <ClInclude Include="Texture.h">
      <Filter>Objects</Filter>
    </ClInclude>
    <ClInclude Include="IcoSphere.h">
      <Filter>Geometry\Primitives</Filter>
    </ClInclude>
    <ClInclude Include="ComponentMaterial.h">
      <Filter>Components</Filter>
    </ClInclude>
  </ItemGroup>
  <ItemGroup>
    <None Include="texture.frag">
      <Filter>Shaders</Filter>
    </None>
    <None Include="texture.vert">
      <Filter>Shaders</Filter>
    </None>
    <None Include="frameBuffer.vert">
      <Filter>Shaders</Filter>
    </None>
    <None Include="frameBuffer.frag">
      <Filter>Shaders</Filter>
    </None>
    <None Include="inversion.frag">
      <Filter>Shaders\Post-processing</Filter>
    </None>
    <None Include="greyscale.frag">
      <Filter>Shaders\Post-processing</Filter>
    </None>
    <None Include="kernel.frag">
      <Filter>Shaders\Post-processing</Filter>
    </None>
    <None Include="cubemap.vert">
      <Filter>Shaders\Cubemap</Filter>
    </None>
    <None Include="cubemap.frag">
      <Filter>Shaders\Cubemap</Filter>
    </None>
    <None Include="lightBox.frag">
      <Filter>Shaders\Lighting</Filter>
    </None>
    <None Include="lightBox.vert">
      <Filter>Shaders\Lighting</Filter>
    </None>
    <None Include="lighting.frag">
      <Filter>Shaders\Lighting</Filter>
    </None>
    <None Include="lighting.vert">
      <Filter>Shaders\Lighting</Filter>
    </None>
    <None Include="refraction.frag">
      <Filter>Shaders\Cubemap\Cubemap reflections</Filter>
    </None>
    <None Include="reflection.frag">
      <Filter>Shaders\Cubemap\Cubemap reflections</Filter>
    </None>
    <None Include="reflection.vert">
      <Filter>Shaders\Cubemap\Cubemap reflections</Filter>
    </None>
    <None Include="refraction.frag">
      <Filter>Shader Files</Filter>
    </None>
    <None Include="explode.geom">
      <Filter>Shaders\Lighting</Filter>
    </None>
    <None Include="normalVisualize.vert">
      <Filter>Shaders\Debug</Filter>
    </None>
    <None Include="normalVisualize.frag">
      <Filter>Shaders\Debug</Filter>
    </None>
    <None Include="normalVisualize.geom">
      <Filter>Shaders\Debug</Filter>
    </None>
    <None Include="lightingInstanced.vert">
      <Filter>Shaders\Lighting</Filter>
    </None>
    <None Include="depthShader.vert">
      <Filter>Shaders\Shadow map</Filter>
    </None>
    <None Include="depthShader.frag">
      <Filter>Shaders\Shadow map</Filter>
    </None>
    <None Include="debugQuad.vert">
      <Filter>Shaders\Shadow map</Filter>
    </None>
    <None Include="debugQuad.frag">
      <Filter>Shaders\Shadow map</Filter>
    </None>
    <None Include="omniDepthShader.vert">
      <Filter>Shaders\Shadow map\Omnidirectional</Filter>
    </None>
    <None Include="omniDepthShader.geom">
      <Filter>Shaders\Shadow map\Omnidirectional</Filter>
    </None>
    <None Include="omniDepthShader.frag">
      <Filter>Shaders\Shadow map\Omnidirectional</Filter>
    </None>
  </ItemGroup>
  <ItemGroup>
    <Text Include="Cube.txt">
      <Filter>Geometry</Filter>
    </Text>
  </ItemGroup>
</Project>